
Microsoft Visual Studio Solution File, Format Version 12.00
# Visual Studio Version 16
VisualStudioVersion = 16.0.30114.105
MinimumVisualStudioVersion = 10.0.40219.1
Project("{2150E333-8FDC-42A3-9474-1A3956D46DE8}") = "src", "src", "{2C825668-013A-4A7A-A20C-DCD099B7E206}"
EndProject
Project("{2150E333-8FDC-42A3-9474-1A3956D46DE8}") = "core", "core", "{95B510C7-AABB-4D12-8F1D-CE1E18F8B97C}"
EndProject
Project("{FAE04EC0-301F-11D3-BF4B-00C04F79EFBC}") = "Travel.Domain", "src\core\Travel.Domain\Travel.Domain.csproj", "{BC83DC97-664D-434E-903C-5AE10A98FC5A}"
EndProject
Project("{FAE04EC0-301F-11D3-BF4B-00C04F79EFBC}") = "Travel.Application", "src\core\Travel.Application\Travel.Application.csproj", "{2226627F-DCA4-423B-A6BA-BD44EAFA7154}"
EndProject
Project("{2150E333-8FDC-42A3-9474-1A3956D46DE8}") = "infrastructure", "infrastructure", "{064564C9-602F-44AE-AED5-095D0453F6DB}"
EndProject
Project("{FAE04EC0-301F-11D3-BF4B-00C04F79EFBC}") = "Travel.Data", "src\infrastructure\Travel.Data\Travel.Data.csproj", "{72DB7D07-F15C-4183-9922-1CB43599188B}"
EndProject
Project("{FAE04EC0-301F-11D3-BF4B-00C04F79EFBC}") = "Travel.Shared", "src\infrastructure\Travel.Shared\Travel.Shared.csproj", "{6BE42D93-EEE7-4657-9C15-D36B48D58481}"
EndProject
Project("{2150E333-8FDC-42A3-9474-1A3956D46DE8}") = "presentation", "presentation", "{AE5D20F6-C90A-456A-9DF8-95A083199294}"
EndProject
Project("{FAE04EC0-301F-11D3-BF4B-00C04F79EFBC}") = "Travel.WebApi", "src\presentation\Travel.WebApi\Travel.WebApi.csproj", "{0DB9CA46-96AE-4B02-99B1-B2A1E5B84444}"
EndProject
Project("{FAE04EC0-301F-11D3-BF4B-00C04F79EFBC}") = "Travel.Identity", "src\infrastructure\Travel.Identity\Travel.Identity.csproj", "{4ACCE6C0-0E5C-49B4-8160-E6AB0B5AB51A}"
EndProject
Global
	GlobalSection(SolutionConfigurationPlatforms) = preSolution
		Debug|Any CPU = Debug|Any CPU
		Debug|x64 = Debug|x64
		Debug|x86 = Debug|x86
		Release|Any CPU = Release|Any CPU
		Release|x64 = Release|x64
		Release|x86 = Release|x86
	EndGlobalSection
	GlobalSection(SolutionProperties) = preSolution
		HideSolutionNode = FALSE
	EndGlobalSection
	GlobalSection(ProjectConfigurationPlatforms) = postSolution
		{BC83DC97-664D-434E-903C-5AE10A98FC5A}.Debug|Any CPU.ActiveCfg = Debug|Any CPU
		{BC83DC97-664D-434E-903C-5AE10A98FC5A}.Debug|Any CPU.Build.0 = Debug|Any CPU
		{BC83DC97-664D-434E-903C-5AE10A98FC5A}.Debug|x64.ActiveCfg = Debug|Any CPU
		{BC83DC97-664D-434E-903C-5AE10A98FC5A}.Debug|x64.Build.0 = Debug|Any CPU
		{BC83DC97-664D-434E-903C-5AE10A98FC5A}.Debug|x86.ActiveCfg = Debug|Any CPU
		{BC83DC97-664D-434E-903C-5AE10A98FC5A}.Debug|x86.Build.0 = Debug|Any CPU
		{BC83DC97-664D-434E-903C-5AE10A98FC5A}.Release|Any CPU.ActiveCfg = Release|Any CPU
		{BC83DC97-664D-434E-903C-5AE10A98FC5A}.Release|Any CPU.Build.0 = Release|Any CPU
		{BC83DC97-664D-434E-903C-5AE10A98FC5A}.Release|x64.ActiveCfg = Release|Any CPU
		{BC83DC97-664D-434E-903C-5AE10A98FC5A}.Release|x64.Build.0 = Release|Any CPU
		{BC83DC97-664D-434E-903C-5AE10A98FC5A}.Release|x86.ActiveCfg = Release|Any CPU
		{BC83DC97-664D-434E-903C-5AE10A98FC5A}.Release|x86.Build.0 = Release|Any CPU
		{2226627F-DCA4-423B-A6BA-BD44EAFA7154}.Debug|Any CPU.ActiveCfg = Debug|Any CPU
		{2226627F-DCA4-423B-A6BA-BD44EAFA7154}.Debug|Any CPU.Build.0 = Debug|Any CPU
		{2226627F-DCA4-423B-A6BA-BD44EAFA7154}.Debug|x64.ActiveCfg = Debug|Any CPU
		{2226627F-DCA4-423B-A6BA-BD44EAFA7154}.Debug|x64.Build.0 = Debug|Any CPU
		{2226627F-DCA4-423B-A6BA-BD44EAFA7154}.Debug|x86.ActiveCfg = Debug|Any CPU
		{2226627F-DCA4-423B-A6BA-BD44EAFA7154}.Debug|x86.Build.0 = Debug|Any CPU
		{2226627F-DCA4-423B-A6BA-BD44EAFA7154}.Release|Any CPU.ActiveCfg = Release|Any CPU
		{2226627F-DCA4-423B-A6BA-BD44EAFA7154}.Release|Any CPU.Build.0 = Release|Any CPU
		{2226627F-DCA4-423B-A6BA-BD44EAFA7154}.Release|x64.ActiveCfg = Release|Any CPU
		{2226627F-DCA4-423B-A6BA-BD44EAFA7154}.Release|x64.Build.0 = Release|Any CPU
		{2226627F-DCA4-423B-A6BA-BD44EAFA7154}.Release|x86.ActiveCfg = Release|Any CPU
		{2226627F-DCA4-423B-A6BA-BD44EAFA7154}.Release|x86.Build.0 = Release|Any CPU
		{72DB7D07-F15C-4183-9922-1CB43599188B}.Debug|Any CPU.ActiveCfg = Debug|Any CPU
		{72DB7D07-F15C-4183-9922-1CB43599188B}.Debug|Any CPU.Build.0 = Debug|Any CPU
		{72DB7D07-F15C-4183-9922-1CB43599188B}.Debug|x64.ActiveCfg = Debug|Any CPU
		{72DB7D07-F15C-4183-9922-1CB43599188B}.Debug|x64.Build.0 = Debug|Any CPU
		{72DB7D07-F15C-4183-9922-1CB43599188B}.Debug|x86.ActiveCfg = Debug|Any CPU
		{72DB7D07-F15C-4183-9922-1CB43599188B}.Debug|x86.Build.0 = Debug|Any CPU
		{72DB7D07-F15C-4183-9922-1CB43599188B}.Release|Any CPU.ActiveCfg = Release|Any CPU
		{72DB7D07-F15C-4183-9922-1CB43599188B}.Release|Any CPU.Build.0 = Release|Any CPU
		{72DB7D07-F15C-4183-9922-1CB43599188B}.Release|x64.ActiveCfg = Release|Any CPU
		{72DB7D07-F15C-4183-9922-1CB43599188B}.Release|x64.Build.0 = Release|Any CPU
		{72DB7D07-F15C-4183-9922-1CB43599188B}.Release|x86.ActiveCfg = Release|Any CPU
		{72DB7D07-F15C-4183-9922-1CB43599188B}.Release|x86.Build.0 = Release|Any CPU
		{6BE42D93-EEE7-4657-9C15-D36B48D58481}.Debug|Any CPU.ActiveCfg = Debug|Any CPU
		{6BE42D93-EEE7-4657-9C15-D36B48D58481}.Debug|Any CPU.Build.0 = Debug|Any CPU
		{6BE42D93-EEE7-4657-9C15-D36B48D58481}.Debug|x64.ActiveCfg = Debug|Any CPU
		{6BE42D93-EEE7-4657-9C15-D36B48D58481}.Debug|x64.Build.0 = Debug|Any CPU
		{6BE42D93-EEE7-4657-9C15-D36B48D58481}.Debug|x86.ActiveCfg = Debug|Any CPU
		{6BE42D93-EEE7-4657-9C15-D36B48D58481}.Debug|x86.Build.0 = Debug|Any CPU
		{6BE42D93-EEE7-4657-9C15-D36B48D58481}.Release|Any CPU.ActiveCfg = Release|Any CPU
		{6BE42D93-EEE7-4657-9C15-D36B48D58481}.Release|Any CPU.Build.0 = Release|Any CPU
		{6BE42D93-EEE7-4657-9C15-D36B48D58481}.Release|x64.ActiveCfg = Release|Any CPU
		{6BE42D93-EEE7-4657-9C15-D36B48D58481}.Release|x64.Build.0 = Release|Any CPU
		{6BE42D93-EEE7-4657-9C15-D36B48D58481}.Release|x86.ActiveCfg = Release|Any CPU
		{6BE42D93-EEE7-4657-9C15-D36B48D58481}.Release|x86.Build.0 = Release|Any CPU
		{0DB9CA46-96AE-4B02-99B1-B2A1E5B84444}.Debug|Any CPU.ActiveCfg = Debug|Any CPU
		{0DB9CA46-96AE-4B02-99B1-B2A1E5B84444}.Debug|Any CPU.Build.0 = Debug|Any CPU
		{0DB9CA46-96AE-4B02-99B1-B2A1E5B84444}.Debug|x64.ActiveCfg = Debug|Any CPU
		{0DB9CA46-96AE-4B02-99B1-B2A1E5B84444}.Debug|x64.Build.0 = Debug|Any CPU
		{0DB9CA46-96AE-4B02-99B1-B2A1E5B84444}.Debug|x86.ActiveCfg = Debug|Any CPU
		{0DB9CA46-96AE-4B02-99B1-B2A1E5B84444}.Debug|x86.Build.0 = Debug|Any CPU
		{0DB9CA46-96AE-4B02-99B1-B2A1E5B84444}.Release|Any CPU.ActiveCfg = Release|Any CPU
		{0DB9CA46-96AE-4B02-99B1-B2A1E5B84444}.Release|Any CPU.Build.0 = Release|Any CPU
		{0DB9CA46-96AE-4B02-99B1-B2A1E5B84444}.Release|x64.ActiveCfg = Release|Any CPU
		{0DB9CA46-96AE-4B02-99B1-B2A1E5B84444}.Release|x64.Build.0 = Release|Any CPU
		{0DB9CA46-96AE-4B02-99B1-B2A1E5B84444}.Release|x86.ActiveCfg = Release|Any CPU
		{0DB9CA46-96AE-4B02-99B1-B2A1E5B84444}.Release|x86.Build.0 = Release|Any CPU
		{4ACCE6C0-0E5C-49B4-8160-E6AB0B5AB51A}.Debug|Any CPU.ActiveCfg = Debug|Any CPU
		{4ACCE6C0-0E5C-49B4-8160-E6AB0B5AB51A}.Debug|Any CPU.Build.0 = Debug|Any CPU
		{4ACCE6C0-0E5C-49B4-8160-E6AB0B5AB51A}.Debug|x64.ActiveCfg = Debug|Any CPU
		{4ACCE6C0-0E5C-49B4-8160-E6AB0B5AB51A}.Debug|x64.Build.0 = Debug|Any CPU
		{4ACCE6C0-0E5C-49B4-8160-E6AB0B5AB51A}.Debug|x86.ActiveCfg = Debug|Any CPU
		{4ACCE6C0-0E5C-49B4-8160-E6AB0B5AB51A}.Debug|x86.Build.0 = Debug|Any CPU
		{4ACCE6C0-0E5C-49B4-8160-E6AB0B5AB51A}.Release|Any CPU.ActiveCfg = Release|Any CPU
		{4ACCE6C0-0E5C-49B4-8160-E6AB0B5AB51A}.Release|Any CPU.Build.0 = Release|Any CPU
		{4ACCE6C0-0E5C-49B4-8160-E6AB0B5AB51A}.Release|x64.ActiveCfg = Release|Any CPU
		{4ACCE6C0-0E5C-49B4-8160-E6AB0B5AB51A}.Release|x64.Build.0 = Release|Any CPU
		{4ACCE6C0-0E5C-49B4-8160-E6AB0B5AB51A}.Release|x86.ActiveCfg = Release|Any CPU
		{4ACCE6C0-0E5C-49B4-8160-E6AB0B5AB51A}.Release|x86.Build.0 = Release|Any CPU
	EndGlobalSection
	GlobalSection(NestedProjects) = preSolution
		{95B510C7-AABB-4D12-8F1D-CE1E18F8B97C} = {2C825668-013A-4A7A-A20C-DCD099B7E206}
		{BC83DC97-664D-434E-903C-5AE10A98FC5A} = {95B510C7-AABB-4D12-8F1D-CE1E18F8B97C}
		{2226627F-DCA4-423B-A6BA-BD44EAFA7154} = {95B510C7-AABB-4D12-8F1D-CE1E18F8B97C}
		{064564C9-602F-44AE-AED5-095D0453F6DB} = {2C825668-013A-4A7A-A20C-DCD099B7E206}
		{72DB7D07-F15C-4183-9922-1CB43599188B} = {064564C9-602F-44AE-AED5-095D0453F6DB}
		{6BE42D93-EEE7-4657-9C15-D36B48D58481} = {064564C9-602F-44AE-AED5-095D0453F6DB}
		{AE5D20F6-C90A-456A-9DF8-95A083199294} = {2C825668-013A-4A7A-A20C-DCD099B7E206}
		{0DB9CA46-96AE-4B02-99B1-B2A1E5B84444} = {AE5D20F6-C90A-456A-9DF8-95A083199294}
		{4ACCE6C0-0E5C-49B4-8160-E6AB0B5AB51A} = {064564C9-602F-44AE-AED5-095D0453F6DB}
	EndGlobalSection
EndGlobal
